<Solution>
  <Folder Name="/ModdingToolBase/" />
  <Folder Name="/ModdingToolBase/AnakinApps/">
    <Project Path="modules/ModdingToolBase/src/AnakinApps/ApplicationBase.CommandLine/ApplicationBase.CommandLine.csproj" />
    <Project Path="modules/ModdingToolBase/src/AnakinApps/ApplicationBase.Shared/ApplicationBase.Shared.shproj" />
    <Project Path="modules/ModdingToolBase/src/AnakinApps/ApplicationBase/ApplicationBase.csproj" />
  </Folder>
  <Folder Name="/ModdingToolBase/DeployTools/">
    <Project Path="modules/ModdingToolBase/src/AnakinApps/ApplicationManifestCreator/ApplicationManifestCreator.csproj" />
    <Project Path="modules/ModdingToolBase/src/AnakinApps/FtpUploader/FtpUploader.csproj" />
  </Folder>
  <Folder Name="/ModdingToolBase/UpdateFrameworks/">
    <Project Path="modules/ModdingToolBase/src/Updater/AppUpdaterFramework.Attributes/AppUpdaterFramework.Attributes.csproj" />
    <Project Path="modules/ModdingToolBase/src/Updater/AppUpdaterFramework.Manifest/AppUpdaterFramework.Manifest.csproj" />
    <Project Path="modules/ModdingToolBase/src/Updater/AppUpdaterFramework/AppUpdaterFramework.csproj" />
    <Project Path="modules/ModdingToolBase/src/Updater/ExternalUpdater.App/ExternalUpdater.App.csproj" />
    <Project Path="modules/ModdingToolBase/src/Updater/ExternalUpdater.Core/ExternalUpdater.Core.csproj" />
  </Folder>
  <Folder Name="/PetroglyphTools/">
    <Project Path="src/PetroglyphTools/PG.StarWarsGame.Engine/PG.StarWarsGame.Engine.csproj" />
    <Project Path="src/PetroglyphTools/PG.StarWarsGame.Files.ALO/PG.StarWarsGame.Files.ALO.csproj" />
    <Project Path="src/PetroglyphTools/PG.StarWarsGame.Files.ChunkFiles/PG.StarWarsGame.Files.ChunkFiles.csproj" />
    <Project Path="src/PetroglyphTools/PG.StarWarsGame.Files.TED/PG.StarWarsGame.Files.TED.csproj" Id="eeae3b31-7a07-468a-a2f7-4dc11fe7ce45" />
    <Project Path="src/PetroglyphTools/PG.StarWarsGame.Files.XML/PG.StarWarsGame.Files.XML.csproj" />
  </Folder>
  <Project Path="src/ModVerify.CliApp/ModVerify.CliApp.csproj" />
  <Project Path="src/ModVerify/ModVerify.csproj" />
  <Project Path="test/ModVerify.CliApp.Test/ModVerify.CliApp.Test.csproj" />
</Solution>
