
Microsoft Visual Studio Solution File, Format Version 12.00
# Visual Studio Version 17
VisualStudioVersion = 17.11.34909.67
MinimumVisualStudioVersion = 10.0.40219.1
Project("{2150E333-8FDC-42A3-9474-1A3956D46DE8}") = "PetroglyphTools", "PetroglyphTools", "{15F8B753-814A-406E-9147-EB048DADAC96}"
EndProject
Project("{9A19103F-16F7-4668-BE54-9A1E7A4F7556}") = "PG.Commons", "PetroglyphTools\PG.Commons\PG.Commons\PG.Commons.csproj", "{1A9E1B15-DD77-47E3-893E-AFADF982CEC6}"
EndProject
Project("{9A19103F-16F7-4668-BE54-9A1E7A4F7556}") = "PG.StarWarsGame.Files.DAT", "PetroglyphTools\PG.StarWarsGame.Files.DAT\PG.StarWarsGame.Files.DAT\PG.StarWarsGame.Files.DAT.csproj", "{4630F85C-D1C4-4454-9126-BE13F6901E0B}"
EndProject
Project("{9A19103F-16F7-4668-BE54-9A1E7A4F7556}") = "PG.StarWarsGame.Files.MEG", "PetroglyphTools\PG.StarWarsGame.Files.MEG\PG.StarWarsGame.Files.MEG\PG.StarWarsGame.Files.MEG.csproj", "{885291F4-E5E8-45B2-B0B4-40B2910228A3}"
EndProject
Project("{9A19103F-16F7-4668-BE54-9A1E7A4F7556}") = "ModVerify", "src\ModVerify\ModVerify.csproj", "{22ED0E2C-FF3B-40EB-9CE2-DCDE65CDF31B}"
EndProject
Project("{9A19103F-16F7-4668-BE54-9A1E7A4F7556}") = "ModVerify.CliApp", "src\ModVerify.CliApp\ModVerify.CliApp.csproj", "{84479931-A329-4113-9BE5-90B71E5486E6}"
EndProject
Project("{FAE04EC0-301F-11D3-BF4B-00C04F79EFBC}") = "PG.StarWarsGame.Files.ChunkFiles", "src\PetroglyphTools\PG.StarWarsGame.Files.ChunkFiles\PG.StarWarsGame.Files.ChunkFiles.csproj", "{92F2A0C8-61B6-424B-99D5-7898CDBA7CA6}"
EndProject
Project("{FAE04EC0-301F-11D3-BF4B-00C04F79EFBC}") = "PG.StarWarsGame.Files.ALO", "src\PetroglyphTools\PG.StarWarsGame.Files.ALO\PG.StarWarsGame.Files.ALO.csproj", "{DF76A383-C94E-4D03-A07C-22D61ED37059}"
EndProject
Project("{FAE04EC0-301F-11D3-BF4B-00C04F79EFBC}") = "PG.StarWarsGame.Files.XML", "src\PetroglyphTools\PG.StarWarsGame.Files.XML\PG.StarWarsGame.Files.XML.csproj", "{418C68FA-531B-432E-8459-6433181C8AD3}"
EndProject
Project("{FAE04EC0-301F-11D3-BF4B-00C04F79EFBC}") = "PG.StarWarsGame.Engine", "src\PetroglyphTools\PG.StarWarsGame.Engine\PG.StarWarsGame.Engine.csproj", "{DFD62F61-3455-44BE-BB7C-E954FF48534B}"
EndProject
Global
	GlobalSection(SolutionConfigurationPlatforms) = preSolution
		Debug|Any CPU = Debug|Any CPU
		Release|Any CPU = Release|Any CPU
	EndGlobalSection
	GlobalSection(ProjectConfigurationPlatforms) = postSolution
		{1A9E1B15-DD77-47E3-893E-AFADF982CEC6}.Debug|Any CPU.ActiveCfg = Debug|Any CPU
		{1A9E1B15-DD77-47E3-893E-AFADF982CEC6}.Debug|Any CPU.Build.0 = Debug|Any CPU
		{1A9E1B15-DD77-47E3-893E-AFADF982CEC6}.Release|Any CPU.ActiveCfg = Release|Any CPU
		{1A9E1B15-DD77-47E3-893E-AFADF982CEC6}.Release|Any CPU.Build.0 = Release|Any CPU
		{4630F85C-D1C4-4454-9126-BE13F6901E0B}.Debug|Any CPU.ActiveCfg = Debug|Any CPU
		{4630F85C-D1C4-4454-9126-BE13F6901E0B}.Debug|Any CPU.Build.0 = Debug|Any CPU
		{4630F85C-D1C4-4454-9126-BE13F6901E0B}.Release|Any CPU.ActiveCfg = Release|Any CPU
		{4630F85C-D1C4-4454-9126-BE13F6901E0B}.Release|Any CPU.Build.0 = Release|Any CPU
		{885291F4-E5E8-45B2-B0B4-40B2910228A3}.Debug|Any CPU.ActiveCfg = Debug|Any CPU
		{885291F4-E5E8-45B2-B0B4-40B2910228A3}.Debug|Any CPU.Build.0 = Debug|Any CPU
		{885291F4-E5E8-45B2-B0B4-40B2910228A3}.Release|Any CPU.ActiveCfg = Release|Any CPU
		{885291F4-E5E8-45B2-B0B4-40B2910228A3}.Release|Any CPU.Build.0 = Release|Any CPU
		{22ED0E2C-FF3B-40EB-9CE2-DCDE65CDF31B}.Debug|Any CPU.ActiveCfg = Debug|Any CPU
		{22ED0E2C-FF3B-40EB-9CE2-DCDE65CDF31B}.Debug|Any CPU.Build.0 = Debug|Any CPU
		{22ED0E2C-FF3B-40EB-9CE2-DCDE65CDF31B}.Release|Any CPU.ActiveCfg = Release|Any CPU
		{22ED0E2C-FF3B-40EB-9CE2-DCDE65CDF31B}.Release|Any CPU.Build.0 = Release|Any CPU
		{84479931-A329-4113-9BE5-90B71E5486E6}.Debug|Any CPU.ActiveCfg = Debug|Any CPU
		{84479931-A329-4113-9BE5-90B71E5486E6}.Debug|Any CPU.Build.0 = Debug|Any CPU
		{84479931-A329-4113-9BE5-90B71E5486E6}.Release|Any CPU.ActiveCfg = Release|Any CPU
		{84479931-A329-4113-9BE5-90B71E5486E6}.Release|Any CPU.Build.0 = Release|Any CPU
		{92F2A0C8-61B6-424B-99D5-7898CDBA7CA6}.Debug|Any CPU.ActiveCfg = Debug|Any CPU
		{92F2A0C8-61B6-424B-99D5-7898CDBA7CA6}.Debug|Any CPU.Build.0 = Debug|Any CPU
		{92F2A0C8-61B6-424B-99D5-7898CDBA7CA6}.Release|Any CPU.ActiveCfg = Release|Any CPU
		{92F2A0C8-61B6-424B-99D5-7898CDBA7CA6}.Release|Any CPU.Build.0 = Release|Any CPU
		{DF76A383-C94E-4D03-A07C-22D61ED37059}.Debug|Any CPU.ActiveCfg = Debug|Any CPU
		{DF76A383-C94E-4D03-A07C-22D61ED37059}.Debug|Any CPU.Build.0 = Debug|Any CPU
		{DF76A383-C94E-4D03-A07C-22D61ED37059}.Release|Any CPU.ActiveCfg = Release|Any CPU
		{DF76A383-C94E-4D03-A07C-22D61ED37059}.Release|Any CPU.Build.0 = Release|Any CPU
		{418C68FA-531B-432E-8459-6433181C8AD3}.Debug|Any CPU.ActiveCfg = Debug|Any CPU
		{418C68FA-531B-432E-8459-6433181C8AD3}.Debug|Any CPU.Build.0 = Debug|Any CPU
		{418C68FA-531B-432E-8459-6433181C8AD3}.Release|Any CPU.ActiveCfg = Release|Any CPU
		{418C68FA-531B-432E-8459-6433181C8AD3}.Release|Any CPU.Build.0 = Release|Any CPU
		{DFD62F61-3455-44BE-BB7C-E954FF48534B}.Debug|Any CPU.ActiveCfg = Debug|Any CPU
		{DFD62F61-3455-44BE-BB7C-E954FF48534B}.Debug|Any CPU.Build.0 = Debug|Any CPU
		{DFD62F61-3455-44BE-BB7C-E954FF48534B}.Release|Any CPU.ActiveCfg = Release|Any CPU
		{DFD62F61-3455-44BE-BB7C-E954FF48534B}.Release|Any CPU.Build.0 = Release|Any CPU
	EndGlobalSection
	GlobalSection(SolutionProperties) = preSolution
		HideSolutionNode = FALSE
	EndGlobalSection
	GlobalSection(NestedProjects) = preSolution
		{1A9E1B15-DD77-47E3-893E-AFADF982CEC6} = {15F8B753-814A-406E-9147-EB048DADAC96}
		{4630F85C-D1C4-4454-9126-BE13F6901E0B} = {15F8B753-814A-406E-9147-EB048DADAC96}
		{885291F4-E5E8-45B2-B0B4-40B2910228A3} = {15F8B753-814A-406E-9147-EB048DADAC96}
		{92F2A0C8-61B6-424B-99D5-7898CDBA7CA6} = {15F8B753-814A-406E-9147-EB048DADAC96}
		{DF76A383-C94E-4D03-A07C-22D61ED37059} = {15F8B753-814A-406E-9147-EB048DADAC96}
		{418C68FA-531B-432E-8459-6433181C8AD3} = {15F8B753-814A-406E-9147-EB048DADAC96}
		{DFD62F61-3455-44BE-BB7C-E954FF48534B} = {15F8B753-814A-406E-9147-EB048DADAC96}
	EndGlobalSection
	GlobalSection(ExtensibilityGlobals) = postSolution
		SolutionGuid = {D74A22E2-91F1-4BC7-9630-3CF930B45408}
	EndGlobalSection
EndGlobal
