<Solution>
  <Folder Name="/.github/">
    <File Path=".github/workflows/integration-test.yml" />
    <File Path=".github/workflows/release.yml" />
    <File Path=".github/workflows/test.yml" />
  </Folder>
  <Folder Name="/ModdingToolBase/" />
  <Folder Name="/ModdingToolBase/AnakinApps/">
    <Project Path="modules/ModdingToolBase/src/AnakinApps/ApplicationBase.CommandLine/ApplicationBase.CommandLine.csproj" />
    <Project Path="modules/ModdingToolBase/src/AnakinApps/ApplicationBase.Shared/ApplicationBase.Shared.shproj" />
    <Project Path="modules/ModdingToolBase/src/AnakinApps/ApplicationBase/ApplicationBase.csproj" />
  </Folder>
  <Folder Name="/ModdingToolBase/DeployTools/">
    <Project Path="modules/ModdingToolBase/src/AnakinApps/ApplicationManifestCreator/ApplicationManifestCreator.csproj" />
    <Project Path="modules/ModdingToolBase/src/AnakinApps/ApplicationManifestSigner/ApplicationManifestSigner.csproj" />
    <Project Path="modules/ModdingToolBase/src/AnakinApps/FtpUploader/FtpUploader.csproj" />
    <Project Path="modules/ModdingToolBase/test/AnakinApps/ApplicationManifestSigner.Test/ApplicationManifestSigner.Test.csproj" />
  </Folder>
  <Folder Name="/ModdingToolBase/Scripts/">
    <File Path="modules/ModdingToolBase/scripts/Publish-LocalRelease.ps1" />
    <File Path="modules/ModdingToolBase/scripts/Publish-Release.ps1" />
    <File Path="modules/ModdingToolBase/scripts/Test-LocalUpdateCycle.ps1" />
  </Folder>
  <Folder Name="/ModdingToolBase/UpdateFrameworks/">
    <Project Path="modules/ModdingToolBase/src/Updater/AppUpdaterFramework.Attributes/AppUpdaterFramework.Attributes.csproj" />
    <Project Path="modules/ModdingToolBase/src/Updater/AppUpdaterFramework.Manifest/AppUpdaterFramework.Manifest.csproj" />
    <Project Path="modules/ModdingToolBase/src/Updater/AppUpdaterFramework/AppUpdaterFramework.csproj" />
    <Project Path="modules/ModdingToolBase/src/Updater/ExternalUpdater.App/ExternalUpdater.App.csproj" />
    <Project Path="modules/ModdingToolBase/src/Updater/ExternalUpdater.Core/ExternalUpdater.Core.csproj" />
  </Folder>
  <Folder Name="/ModdingToolBase/UpdateFrameworks/test/">
    <Project Path="modules/ModdingToolBase/src/Updater/AppUpdaterFramework.Signing.Testing/AppUpdaterFramework.Signing.Testing.csproj" />
    <Project Path="modules/ModdingToolBase/test/Updater/AppUpdaterFramework.Manifest.Test/AppUpdaterFramework.Manifest.Test.csproj" />
    <Project Path="modules/ModdingToolBase/test/Updater/AppUpdaterFramework.Test/AppUpdaterFramework.Test.csproj" />
    <Project Path="modules/ModdingToolBase/test/Updater/ExternalUpdater.App.Test/ExternalUpdater.App.Test.csproj" />
    <Project Path="modules/ModdingToolBase/test/Updater/ExternalUpdater.Core.Test/ExternalUpdater.Core.Test.csproj" />
  </Folder>
  <Folder Name="/PetroglyphTools/">
    <Project Path="src/PetroglyphTools/PG.StarWarsGame.Engine.FileSystem.Test/PG.StarWarsGame.Engine.FileSystem.Test.csproj" />
    <Project Path="src/PetroglyphTools/PG.StarWarsGame.Engine.FileSystem/PG.StarWarsGame.Engine.FileSystem.csproj" />
    <Project Path="src/PetroglyphTools/PG.StarWarsGame.Engine.Test/PG.StarWarsGame.Engine.Test.csproj" />
    <Project Path="src/PetroglyphTools/PG.StarWarsGame.Engine.Testing/PG.StarWarsGame.Engine.Testing.csproj" />
    <Project Path="src/PetroglyphTools/PG.StarWarsGame.Engine/PG.StarWarsGame.Engine.csproj" />
    <Project Path="src/PetroglyphTools/PG.StarWarsGame.Files.ALO/PG.StarWarsGame.Files.ALO.csproj" />
    <Project Path="src/PetroglyphTools/PG.StarWarsGame.Files.ChunkFiles/PG.StarWarsGame.Files.ChunkFiles.csproj" />
    <Project Path="src/PetroglyphTools/PG.StarWarsGame.Files.XML/PG.StarWarsGame.Files.XML.csproj" />
  </Folder>
  <Project Path="src/ModVerify.CliApp/ModVerify.CliApp.csproj" />
  <Project Path="src/ModVerify/ModVerify.csproj" />
  <Project Path="test/ModVerify.CliApp.Test/ModVerify.CliApp.Test.csproj" />
  <Project Path="test/ModVerify.Test/ModVerify.Test.csproj" />
</Solution>
